// !$*UTF8*$!
{
	archiveVersion = 1;
	classes = {
	};
	objectVersion = 55;
	objects = {

/* Begin PBXBuildFile section */
		B5107B038411776B43C74A38 /* Pods_VcheckSDKDemoIOS.framework in Frameworks */ = {isa = PBXBuildFile; fileRef = 357E793382C533C73454B43D /* Pods_VcheckSDKDemoIOS.framework */; };
		DA73742B281ACC3700DBBDED /* DemoStartViewModel.swift in Sources */ = {isa = PBXBuildFile; fileRef = DA73742A281ACC3700DBBDED /* DemoStartViewModel.swift */; };
		DA73742E281ACC7E00DBBDED /* DataService.swift in Sources */ = {isa = PBXBuildFile; fileRef = DA73742D281ACC7E00DBBDED /* DataService.swift */; };
		DA737432281AD4CB00DBBDED /* ApiError.swift in Sources */ = {isa = PBXBuildFile; fileRef = DA737431281AD4CB00DBBDED /* ApiError.swift */; };
		DA737434281ADCD600DBBDED /* KeychainHelper.swift in Sources */ = {isa = PBXBuildFile; fileRef = DA737433281ADCD600DBBDED /* KeychainHelper.swift */; };
		DA737436281AF59400DBBDED /* Utils.swift in Sources */ = {isa = PBXBuildFile; fileRef = DA737435281AF59400DBBDED /* Utils.swift */; };
		DAAF4E0A281AC7A60029F26C /* VerificationResponseModels.swift in Sources */ = {isa = PBXBuildFile; fileRef = DAAF4DF1281AC7A50029F26C /* VerificationResponseModels.swift */; };
		DAAF4E0B281AC7A60029F26C /* document_verification_codes.kt in Resources */ = {isa = PBXBuildFile; fileRef = DAAF4DF2281AC7A50029F26C /* document_verification_codes.kt */; };
		DAAF4E0C281AC7A60029F26C /* TimestampRequest.swift in Sources */ = {isa = PBXBuildFile; fileRef = DAAF4DF3281AC7A50029F26C /* TimestampRequest.swift */; };
		DAAF4E0D281AC7A60029F26C /* NetworkCall.kt in Resources */ = {isa = PBXBuildFile; fileRef = DAAF4DF4281AC7A50029F26C /* NetworkCall.kt */; };
		DAAF4E0E281AC7A60029F26C /* BaseClientResponseModel.swift in Sources */ = {isa = PBXBuildFile; fileRef = DAAF4DF5281AC7A50029F26C /* BaseClientResponseModel.swift */; };
		DAAF4E0F281AC7A60029F26C /* BaseRequestBody.swift in Sources */ = {isa = PBXBuildFile; fileRef = DAAF4DF6281AC7A50029F26C /* BaseRequestBody.swift */; };
		DAAF4E11281AC7A60029F26C /* doc_image_parsing_statuses.kt in Resources */ = {isa = PBXBuildFile; fileRef = DAAF4DF8281AC7A50029F26C /* doc_image_parsing_statuses.kt */; };
		DAAF4E12281AC7A60029F26C /* BaseClientrResponseModel.swift in Sources */ = {isa = PBXBuildFile; fileRef = DAAF4DF9281AC7A50029F26C /* BaseClientrResponseModel.swift */; };
		DAAF4E13281AC7A60029F26C /* country_models.kt in Resources */ = {isa = PBXBuildFile; fileRef = DAAF4DFA281AC7A50029F26C /* country_models.kt */; };
		DAAF4E14281AC7A60029F26C /* VerificationRequestModels.swift in Sources */ = {isa = PBXBuildFile; fileRef = DAAF4DFB281AC7A50029F26C /* VerificationRequestModels.swift */; };
		DAAF4E15281AC7A60029F26C /* ApiClient.swift in Sources */ = {isa = PBXBuildFile; fileRef = DAAF4DFC281AC7A50029F26C /* ApiClient.swift */; };
		DAAF4E16281AC7A60029F26C /* RemoteDatasource.kt in Resources */ = {isa = PBXBuildFile; fileRef = DAAF4DFD281AC7A50029F26C /* RemoteDatasource.kt */; };
		DAAF4E17281AC7A60029F26C /* LocalDatasource.swift in Sources */ = {isa = PBXBuildFile; fileRef = DAAF4DFE281AC7A50029F26C /* LocalDatasource.swift */; };
		DAAF4E18281AC7A60029F26C /* document_request_models.kt in Resources */ = {isa = PBXBuildFile; fileRef = DAAF4DFF281AC7A50029F26C /* document_request_models.kt */; };
		DAAF4E19281AC7A60029F26C /* document_types.kt in Resources */ = {isa = PBXBuildFile; fileRef = DAAF4E00281AC7A60029F26C /* document_types.kt */; };
		DAAF4E1A281AC7A60029F26C /* verification_request_models.kt in Resources */ = {isa = PBXBuildFile; fileRef = DAAF4E01281AC7A60029F26C /* verification_request_models.kt */; };
		DAAF4E1B281AC7A60029F26C /* document_response_models.kt in Resources */ = {isa = PBXBuildFile; fileRef = DAAF4E02281AC7A60029F26C /* document_response_models.kt */; };
		DAAF4E1C281AC7A60029F26C /* CountryModels.swift in Sources */ = {isa = PBXBuildFile; fileRef = DAAF4E03281AC7A60029F26C /* CountryModels.swift */; };
		DAAF4E1D281AC7A60029F26C /* Constants.swift in Sources */ = {isa = PBXBuildFile; fileRef = DAAF4E04281AC7A60029F26C /* Constants.swift */; };
		DAAF4E1E281AC7A60029F26C /* Resource.kt in Resources */ = {isa = PBXBuildFile; fileRef = DAAF4E05281AC7A60029F26C /* Resource.kt */; };
		DAAF4E1F281AC7A60029F26C /* verification_response_models.kt in Resources */ = {isa = PBXBuildFile; fileRef = DAAF4E06281AC7A60029F26C /* verification_response_models.kt */; };
		DAAF4E20281AC7A60029F26C /* DocumentResponseModels.swift in Sources */ = {isa = PBXBuildFile; fileRef = DAAF4E07281AC7A60029F26C /* DocumentResponseModels.swift */; };
		DAAF4E21281AC7A60029F26C /* MainRepository.kt in Resources */ = {isa = PBXBuildFile; fileRef = DAAF4E08281AC7A60029F26C /* MainRepository.kt */; };
		DAAF4E22281AC7A60029F26C /* BaseClientErrors.kt in Resources */ = {isa = PBXBuildFile; fileRef = DAAF4E09281AC7A60029F26C /* BaseClientErrors.kt */; };
		DAB6132A2814767700234BB2 /* AppDelegate.swift in Sources */ = {isa = PBXBuildFile; fileRef = DAB613292814767700234BB2 /* AppDelegate.swift */; };
		DAB6132C2814767700234BB2 /* SceneDelegate.swift in Sources */ = {isa = PBXBuildFile; fileRef = DAB6132B2814767700234BB2 /* SceneDelegate.swift */; };
		DAB6132E2814767700234BB2 /* ViewController.swift in Sources */ = {isa = PBXBuildFile; fileRef = DAB6132D2814767700234BB2 /* ViewController.swift */; };
		DAB613312814767700234BB2 /* Main.storyboard in Resources */ = {isa = PBXBuildFile; fileRef = DAB6132F2814767700234BB2 /* Main.storyboard */; };
		DAB613342814767700234BB2 /* VcheckSDKDemoIOS.xcdatamodeld in Sources */ = {isa = PBXBuildFile; fileRef = DAB613322814767700234BB2 /* VcheckSDKDemoIOS.xcdatamodeld */; };
		DAB613362814767900234BB2 /* Assets.xcassets in Resources */ = {isa = PBXBuildFile; fileRef = DAB613352814767900234BB2 /* Assets.xcassets */; };
		DAB613392814767900234BB2 /* LaunchScreen.storyboard in Resources */ = {isa = PBXBuildFile; fileRef = DAB613372814767900234BB2 /* LaunchScreen.storyboard */; };
		DAE87E102816CC1F00ED6826 /* ChooseCountryViewController.swift in Sources */ = {isa = PBXBuildFile; fileRef = DAE87E0F2816CC1F00ED6826 /* ChooseCountryViewController.swift */; };
		DAE87E122816CC2C00ED6826 /* CountryListViewController.swift in Sources */ = {isa = PBXBuildFile; fileRef = DAE87E112816CC2C00ED6826 /* CountryListViewController.swift */; };
		DAE87E152816CE6E00ED6826 /* DemoStartViewController.swift in Sources */ = {isa = PBXBuildFile; fileRef = DAE87E142816CE6E00ED6826 /* DemoStartViewController.swift */; };
		E9DAE090281D638400EA73BA /* RoundedView.swift in Sources */ = {isa = PBXBuildFile; fileRef = E9DAE08F281D638400EA73BA /* RoundedView.swift */; };
/* End PBXBuildFile section */

/* Begin PBXFileReference section */
		357E793382C533C73454B43D /* Pods_VcheckSDKDemoIOS.framework */ = {isa = PBXFileReference; explicitFileType = wrapper.framework; includeInIndex = 0; path = Pods_VcheckSDKDemoIOS.framework; sourceTree = BUILT_PRODUCTS_DIR; };
		8A7C2B485A1BB89266CD15CB /* Pods-VcheckSDKDemoIOS.debug.xcconfig */ = {isa = PBXFileReference; includeInIndex = 1; lastKnownFileType = text.xcconfig; name = "Pods-VcheckSDKDemoIOS.debug.xcconfig"; path = "Target Support Files/Pods-VcheckSDKDemoIOS/Pods-VcheckSDKDemoIOS.debug.xcconfig"; sourceTree = "<group>"; };
		DA73742A281ACC3700DBBDED /* DemoStartViewModel.swift */ = {isa = PBXFileReference; lastKnownFileType = sourcecode.swift; path = DemoStartViewModel.swift; sourceTree = "<group>"; };
		DA73742D281ACC7E00DBBDED /* DataService.swift */ = {isa = PBXFileReference; lastKnownFileType = sourcecode.swift; path = DataService.swift; sourceTree = "<group>"; };
		DA737431281AD4CB00DBBDED /* ApiError.swift */ = {isa = PBXFileReference; lastKnownFileType = sourcecode.swift; path = ApiError.swift; sourceTree = "<group>"; };
		DA737433281ADCD600DBBDED /* KeychainHelper.swift */ = {isa = PBXFileReference; lastKnownFileType = sourcecode.swift; path = KeychainHelper.swift; sourceTree = "<group>"; };
		DA737435281AF59400DBBDED /* Utils.swift */ = {isa = PBXFileReference; lastKnownFileType = sourcecode.swift; path = Utils.swift; sourceTree = "<group>"; };
		DAAF4DF1281AC7A50029F26C /* VerificationResponseModels.swift */ = {isa = PBXFileReference; fileEncoding = 4; lastKnownFileType = sourcecode.swift; path = VerificationResponseModels.swift; sourceTree = "<group>"; };
		DAAF4DF2281AC7A50029F26C /* document_verification_codes.kt */ = {isa = PBXFileReference; fileEncoding = 4; lastKnownFileType = text; path = document_verification_codes.kt; sourceTree = "<group>"; };
		DAAF4DF3281AC7A50029F26C /* TimestampRequest.swift */ = {isa = PBXFileReference; fileEncoding = 4; lastKnownFileType = sourcecode.swift; path = TimestampRequest.swift; sourceTree = "<group>"; };
		DAAF4DF4281AC7A50029F26C /* NetworkCall.kt */ = {isa = PBXFileReference; fileEncoding = 4; lastKnownFileType = text; path = NetworkCall.kt; sourceTree = "<group>"; };
		DAAF4DF5281AC7A50029F26C /* BaseClientResponseModel.swift */ = {isa = PBXFileReference; fileEncoding = 4; lastKnownFileType = sourcecode.swift; path = BaseClientResponseModel.swift; sourceTree = "<group>"; };
		DAAF4DF6281AC7A50029F26C /* BaseRequestBody.swift */ = {isa = PBXFileReference; fileEncoding = 4; lastKnownFileType = sourcecode.swift; path = BaseRequestBody.swift; sourceTree = "<group>"; };
		DAAF4DF8281AC7A50029F26C /* doc_image_parsing_statuses.kt */ = {isa = PBXFileReference; fileEncoding = 4; lastKnownFileType = text; path = doc_image_parsing_statuses.kt; sourceTree = "<group>"; };
		DAAF4DF9281AC7A50029F26C /* BaseClientrResponseModel.swift */ = {isa = PBXFileReference; fileEncoding = 4; lastKnownFileType = sourcecode.swift; path = BaseClientrResponseModel.swift; sourceTree = "<group>"; };
		DAAF4DFA281AC7A50029F26C /* country_models.kt */ = {isa = PBXFileReference; fileEncoding = 4; lastKnownFileType = text; path = country_models.kt; sourceTree = "<group>"; };
		DAAF4DFB281AC7A50029F26C /* VerificationRequestModels.swift */ = {isa = PBXFileReference; fileEncoding = 4; lastKnownFileType = sourcecode.swift; path = VerificationRequestModels.swift; sourceTree = "<group>"; };
		DAAF4DFC281AC7A50029F26C /* ApiClient.swift */ = {isa = PBXFileReference; fileEncoding = 4; lastKnownFileType = sourcecode.swift; path = ApiClient.swift; sourceTree = "<group>"; };
		DAAF4DFD281AC7A50029F26C /* RemoteDatasource.kt */ = {isa = PBXFileReference; fileEncoding = 4; lastKnownFileType = text; path = RemoteDatasource.kt; sourceTree = "<group>"; };
		DAAF4DFE281AC7A50029F26C /* LocalDatasource.swift */ = {isa = PBXFileReference; fileEncoding = 4; lastKnownFileType = sourcecode.swift; path = LocalDatasource.swift; sourceTree = "<group>"; };
		DAAF4DFF281AC7A50029F26C /* document_request_models.kt */ = {isa = PBXFileReference; fileEncoding = 4; lastKnownFileType = text; path = document_request_models.kt; sourceTree = "<group>"; };
		DAAF4E00281AC7A60029F26C /* document_types.kt */ = {isa = PBXFileReference; fileEncoding = 4; lastKnownFileType = text; path = document_types.kt; sourceTree = "<group>"; };
		DAAF4E01281AC7A60029F26C /* verification_request_models.kt */ = {isa = PBXFileReference; fileEncoding = 4; lastKnownFileType = text; path = verification_request_models.kt; sourceTree = "<group>"; };
		DAAF4E02281AC7A60029F26C /* document_response_models.kt */ = {isa = PBXFileReference; fileEncoding = 4; lastKnownFileType = text; path = document_response_models.kt; sourceTree = "<group>"; };
		DAAF4E03281AC7A60029F26C /* CountryModels.swift */ = {isa = PBXFileReference; fileEncoding = 4; lastKnownFileType = sourcecode.swift; path = CountryModels.swift; sourceTree = "<group>"; };
		DAAF4E04281AC7A60029F26C /* Constants.swift */ = {isa = PBXFileReference; fileEncoding = 4; lastKnownFileType = sourcecode.swift; path = Constants.swift; sourceTree = "<group>"; };
		DAAF4E05281AC7A60029F26C /* Resource.kt */ = {isa = PBXFileReference; fileEncoding = 4; lastKnownFileType = text; path = Resource.kt; sourceTree = "<group>"; };
		DAAF4E06281AC7A60029F26C /* verification_response_models.kt */ = {isa = PBXFileReference; fileEncoding = 4; lastKnownFileType = text; path = verification_response_models.kt; sourceTree = "<group>"; };
		DAAF4E07281AC7A60029F26C /* DocumentResponseModels.swift */ = {isa = PBXFileReference; fileEncoding = 4; lastKnownFileType = sourcecode.swift; path = DocumentResponseModels.swift; sourceTree = "<group>"; };
		DAAF4E08281AC7A60029F26C /* MainRepository.kt */ = {isa = PBXFileReference; fileEncoding = 4; lastKnownFileType = text; path = MainRepository.kt; sourceTree = "<group>"; };
		DAAF4E09281AC7A60029F26C /* BaseClientErrors.kt */ = {isa = PBXFileReference; fileEncoding = 4; lastKnownFileType = text; path = BaseClientErrors.kt; sourceTree = "<group>"; };
		DAB613262814767700234BB2 /* VcheckSDKDemoIOS.app */ = {isa = PBXFileReference; explicitFileType = wrapper.application; includeInIndex = 0; path = VcheckSDKDemoIOS.app; sourceTree = BUILT_PRODUCTS_DIR; };
		DAB613292814767700234BB2 /* AppDelegate.swift */ = {isa = PBXFileReference; lastKnownFileType = sourcecode.swift; path = AppDelegate.swift; sourceTree = "<group>"; };
		DAB6132B2814767700234BB2 /* SceneDelegate.swift */ = {isa = PBXFileReference; lastKnownFileType = sourcecode.swift; path = SceneDelegate.swift; sourceTree = "<group>"; };
		DAB6132D2814767700234BB2 /* ViewController.swift */ = {isa = PBXFileReference; lastKnownFileType = sourcecode.swift; path = ViewController.swift; sourceTree = "<group>"; };
		DAB613302814767700234BB2 /* Base */ = {isa = PBXFileReference; lastKnownFileType = file.storyboard; name = Base; path = Base.lproj/Main.storyboard; sourceTree = "<group>"; };
		DAB613332814767700234BB2 /* VcheckSDKDemoIOS.xcdatamodel */ = {isa = PBXFileReference; lastKnownFileType = wrapper.xcdatamodel; path = VcheckSDKDemoIOS.xcdatamodel; sourceTree = "<group>"; };
		DAB613352814767900234BB2 /* Assets.xcassets */ = {isa = PBXFileReference; lastKnownFileType = folder.assetcatalog; path = Assets.xcassets; sourceTree = "<group>"; };
		DAB613382814767900234BB2 /* Base */ = {isa = PBXFileReference; lastKnownFileType = file.storyboard; name = Base; path = Base.lproj/LaunchScreen.storyboard; sourceTree = "<group>"; };
		DAB6133A2814767900234BB2 /* Info.plist */ = {isa = PBXFileReference; lastKnownFileType = text.plist.xml; path = Info.plist; sourceTree = "<group>"; };
		DAE87E0F2816CC1F00ED6826 /* ChooseCountryViewController.swift */ = {isa = PBXFileReference; lastKnownFileType = sourcecode.swift; path = ChooseCountryViewController.swift; sourceTree = "<group>"; };
		DAE87E112816CC2C00ED6826 /* CountryListViewController.swift */ = {isa = PBXFileReference; lastKnownFileType = sourcecode.swift; path = CountryListViewController.swift; sourceTree = "<group>"; };
		DAE87E142816CE6E00ED6826 /* DemoStartViewController.swift */ = {isa = PBXFileReference; lastKnownFileType = sourcecode.swift; path = DemoStartViewController.swift; sourceTree = "<group>"; };
		E9DAE08F281D638400EA73BA /* RoundedView.swift */ = {isa = PBXFileReference; lastKnownFileType = sourcecode.swift; path = RoundedView.swift; sourceTree = "<group>"; };
		EF05AA06C2A1732CF659E363 /* Pods-VcheckSDKDemoIOS.release.xcconfig */ = {isa = PBXFileReference; includeInIndex = 1; lastKnownFileType = text.xcconfig; name = "Pods-VcheckSDKDemoIOS.release.xcconfig"; path = "Target Support Files/Pods-VcheckSDKDemoIOS/Pods-VcheckSDKDemoIOS.release.xcconfig"; sourceTree = "<group>"; };
/* End PBXFileReference section */

/* Begin PBXFrameworksBuildPhase section */
		DAB613232814767700234BB2 /* Frameworks */ = {
			isa = PBXFrameworksBuildPhase;
			buildActionMask = 2147483647;
			files = (
				B5107B038411776B43C74A38 /* Pods_VcheckSDKDemoIOS.framework in Frameworks */,
			);
			runOnlyForDeploymentPostprocessing = 0;
		};
/* End PBXFrameworksBuildPhase section */

/* Begin PBXGroup section */
		6CFEE720F001B264AA607BD9 /* Frameworks */ = {
			isa = PBXGroup;
			children = (
				357E793382C533C73454B43D /* Pods_VcheckSDKDemoIOS.framework */,
			);
			name = Frameworks;
			sourceTree = "<group>";
		};
		C55ED8972A87D4D9813AA1B5 /* Pods */ = {
			isa = PBXGroup;
			children = (
				8A7C2B485A1BB89266CD15CB /* Pods-VcheckSDKDemoIOS.debug.xcconfig */,
				EF05AA06C2A1732CF659E363 /* Pods-VcheckSDKDemoIOS.release.xcconfig */,
			);
			path = Pods;
			sourceTree = "<group>";
		};
		DA737428281ACAFD00DBBDED /* presentation */ = {
			isa = PBXGroup;
			children = (
				DA737429281ACB4A00DBBDED /* start */,
				DAE87E132816CC3B00ED6826 /* choose_country_stage */,
			);
			path = presentation;
			sourceTree = "<group>";
		};
		DA737429281ACB4A00DBBDED /* start */ = {
			isa = PBXGroup;
			children = (
				DAE87E142816CE6E00ED6826 /* DemoStartViewController.swift */,
				DA73742A281ACC3700DBBDED /* DemoStartViewModel.swift */,
			);
			path = start;
			sourceTree = "<group>";
		};
		DA73742C281ACC6E00DBBDED /* service */ = {
			isa = PBXGroup;
			children = (
				DA73742D281ACC7E00DBBDED /* DataService.swift */,
				DA737433281ADCD600DBBDED /* KeychainHelper.swift */,
			);
			path = service;
			sourceTree = "<group>";
		};
		DAAF4DBE281AC6D80029F26C /* domain */ = {
			isa = PBXGroup;
			children = (
				DAAF4DFC281AC7A50029F26C /* ApiClient.swift */,
				DAAF4E09281AC7A60029F26C /* BaseClientErrors.kt */,
				DAAF4DF5281AC7A50029F26C /* BaseClientResponseModel.swift */,
				DAAF4DF9281AC7A50029F26C /* BaseClientrResponseModel.swift */,
				DAAF4DF6281AC7A50029F26C /* BaseRequestBody.swift */,
				DAAF4E04281AC7A60029F26C /* Constants.swift */,
				DAAF4DFA281AC7A50029F26C /* country_models.kt */,
				DAAF4E03281AC7A60029F26C /* CountryModels.swift */,
				DAAF4DF8281AC7A50029F26C /* doc_image_parsing_statuses.kt */,
				DAAF4DFF281AC7A50029F26C /* document_request_models.kt */,
				DAAF4E02281AC7A60029F26C /* document_response_models.kt */,
				DAAF4E00281AC7A60029F26C /* document_types.kt */,
				DAAF4DF2281AC7A50029F26C /* document_verification_codes.kt */,
				DAAF4E07281AC7A60029F26C /* DocumentResponseModels.swift */,
				DAAF4DFE281AC7A50029F26C /* LocalDatasource.swift */,
				DAAF4E08281AC7A60029F26C /* MainRepository.kt */,
				DAAF4DF4281AC7A50029F26C /* NetworkCall.kt */,
				DAAF4DFD281AC7A50029F26C /* RemoteDatasource.kt */,
				DAAF4E05281AC7A60029F26C /* Resource.kt */,
				DAAF4DF3281AC7A50029F26C /* TimestampRequest.swift */,
				DAAF4E01281AC7A60029F26C /* verification_request_models.kt */,
				DAAF4E06281AC7A60029F26C /* verification_response_models.kt */,
				DAAF4DFB281AC7A50029F26C /* VerificationRequestModels.swift */,
				DAAF4DF1281AC7A50029F26C /* VerificationResponseModels.swift */,
				DA737431281AD4CB00DBBDED /* ApiError.swift */,
			);
			path = domain;
			sourceTree = "<group>";
		};
		DAB6131D2814767700234BB2 = {
			isa = PBXGroup;
			children = (
				DAB613282814767700234BB2 /* VcheckSDKDemoIOS */,
				DAB613272814767700234BB2 /* Products */,
				C55ED8972A87D4D9813AA1B5 /* Pods */,
				6CFEE720F001B264AA607BD9 /* Frameworks */,
			);
			sourceTree = "<group>";
		};
		DAB613272814767700234BB2 /* Products */ = {
			isa = PBXGroup;
			children = (
				DAB613262814767700234BB2 /* VcheckSDKDemoIOS.app */,
			);
			name = Products;
			sourceTree = "<group>";
		};
		DAB613282814767700234BB2 /* VcheckSDKDemoIOS */ = {
			isa = PBXGroup;
			children = (
				E9DAE091281D6DD500EA73BA /* util */,
				DA73742C281ACC6E00DBBDED /* service */,
				DA737428281ACAFD00DBBDED /* presentation */,
				DAAF4DBE281AC6D80029F26C /* domain */,
				DAB613292814767700234BB2 /* AppDelegate.swift */,
				DAB6132B2814767700234BB2 /* SceneDelegate.swift */,
				DAB6132D2814767700234BB2 /* ViewController.swift */,
				DAB6132F2814767700234BB2 /* Main.storyboard */,
				DAB613352814767900234BB2 /* Assets.xcassets */,
				DAB613372814767900234BB2 /* LaunchScreen.storyboard */,
				DAB6133A2814767900234BB2 /* Info.plist */,
				DAB613322814767700234BB2 /* VcheckSDKDemoIOS.xcdatamodeld */,
			);
			path = VcheckSDKDemoIOS;
			sourceTree = "<group>";
		};
		DAE87E132816CC3B00ED6826 /* choose_country_stage */ = {
			isa = PBXGroup;
			children = (
				DAE87E0F2816CC1F00ED6826 /* ChooseCountryViewController.swift */,
				DAE87E112816CC2C00ED6826 /* CountryListViewController.swift */,
			);
			path = choose_country_stage;
			sourceTree = "<group>";
		};
		E9DAE091281D6DD500EA73BA /* util */ = {
			isa = PBXGroup;
			children = (
				DA737435281AF59400DBBDED /* Utils.swift */,
				E9DAE08F281D638400EA73BA /* RoundedView.swift */,
			);
			path = util;
			sourceTree = "<group>";
		};
/* End PBXGroup section */

/* Begin PBXNativeTarget section */
		DAB613252814767700234BB2 /* VcheckSDKDemoIOS */ = {
			isa = PBXNativeTarget;
			buildConfigurationList = DAB6133D2814767900234BB2 /* Build configuration list for PBXNativeTarget "VcheckSDKDemoIOS" */;
			buildPhases = (
				69ACF81690D54448CC4EF1F6 /* [CP] Check Pods Manifest.lock */,
				DAB613222814767700234BB2 /* Sources */,
				DAB613232814767700234BB2 /* Frameworks */,
				DAB613242814767700234BB2 /* Resources */,
				17B16B1EAB8428630C7FFAFC /* [CP] Embed Pods Frameworks */,
			);
			buildRules = (
			);
			dependencies = (
			);
			name = VcheckSDKDemoIOS;
			productName = VcheckSDKDemoIOS;
			productReference = DAB613262814767700234BB2 /* VcheckSDKDemoIOS.app */;
			productType = "com.apple.product-type.application";
		};
/* End PBXNativeTarget section */

/* Begin PBXProject section */
		DAB6131E2814767700234BB2 /* Project object */ = {
			isa = PBXProject;
			attributes = {
				BuildIndependentTargetsInParallel = 1;
				LastSwiftUpdateCheck = 1320;
				LastUpgradeCheck = 1320;
				TargetAttributes = {
					DAB613252814767700234BB2 = {
						CreatedOnToolsVersion = 13.2.1;
					};
				};
			};
			buildConfigurationList = DAB613212814767700234BB2 /* Build configuration list for PBXProject "VcheckSDKDemoIOS" */;
			compatibilityVersion = "Xcode 13.0";
			developmentRegion = en;
			hasScannedForEncodings = 0;
			knownRegions = (
				en,
				Base,
			);
			mainGroup = DAB6131D2814767700234BB2;
			productRefGroup = DAB613272814767700234BB2 /* Products */;
			projectDirPath = "";
			projectRoot = "";
			targets = (
				DAB613252814767700234BB2 /* VcheckSDKDemoIOS */,
			);
		};
/* End PBXProject section */

/* Begin PBXResourcesBuildPhase section */
		DAB613242814767700234BB2 /* Resources */ = {
			isa = PBXResourcesBuildPhase;
			buildActionMask = 2147483647;
			files = (
				DAB613392814767900234BB2 /* LaunchScreen.storyboard in Resources */,
				DAAF4E0B281AC7A60029F26C /* document_verification_codes.kt in Resources */,
				DAAF4E21281AC7A60029F26C /* MainRepository.kt in Resources */,
				DAAF4E0D281AC7A60029F26C /* NetworkCall.kt in Resources */,
				DAAF4E11281AC7A60029F26C /* doc_image_parsing_statuses.kt in Resources */,
				DAAF4E16281AC7A60029F26C /* RemoteDatasource.kt in Resources */,
				DAAF4E13281AC7A60029F26C /* country_models.kt in Resources */,
				DAAF4E18281AC7A60029F26C /* document_request_models.kt in Resources */,
				DAB613362814767900234BB2 /* Assets.xcassets in Resources */,
				DAAF4E22281AC7A60029F26C /* BaseClientErrors.kt in Resources */,
				DAAF4E1A281AC7A60029F26C /* verification_request_models.kt in Resources */,
				DAAF4E1B281AC7A60029F26C /* document_response_models.kt in Resources */,
				DAAF4E1F281AC7A60029F26C /* verification_response_models.kt in Resources */,
				DAAF4E19281AC7A60029F26C /* document_types.kt in Resources */,
				DAAF4E1E281AC7A60029F26C /* Resource.kt in Resources */,
				DAB613312814767700234BB2 /* Main.storyboard in Resources */,
			);
			runOnlyForDeploymentPostprocessing = 0;
		};
/* End PBXResourcesBuildPhase section */

/* Begin PBXShellScriptBuildPhase section */
		17B16B1EAB8428630C7FFAFC /* [CP] Embed Pods Frameworks */ = {
			isa = PBXShellScriptBuildPhase;
			buildActionMask = 2147483647;
			files = (
			);
			inputFileListPaths = (
				"${PODS_ROOT}/Target Support Files/Pods-VcheckSDKDemoIOS/Pods-VcheckSDKDemoIOS-frameworks-${CONFIGURATION}-input-files.xcfilelist",
			);
			name = "[CP] Embed Pods Frameworks";
			outputFileListPaths = (
				"${PODS_ROOT}/Target Support Files/Pods-VcheckSDKDemoIOS/Pods-VcheckSDKDemoIOS-frameworks-${CONFIGURATION}-output-files.xcfilelist",
			);
			runOnlyForDeploymentPostprocessing = 0;
			shellPath = /bin/sh;
			shellScript = "\"${PODS_ROOT}/Target Support Files/Pods-VcheckSDKDemoIOS/Pods-VcheckSDKDemoIOS-frameworks.sh\"\n";
			showEnvVarsInLog = 0;
		};
		69ACF81690D54448CC4EF1F6 /* [CP] Check Pods Manifest.lock */ = {
			isa = PBXShellScriptBuildPhase;
			buildActionMask = 2147483647;
			files = (
			);
			inputFileListPaths = (
			);
			inputPaths = (
				"${PODS_PODFILE_DIR_PATH}/Podfile.lock",
				"${PODS_ROOT}/Manifest.lock",
			);
			name = "[CP] Check Pods Manifest.lock";
			outputFileListPaths = (
			);
			outputPaths = (
				"$(DERIVED_FILE_DIR)/Pods-VcheckSDKDemoIOS-checkManifestLockResult.txt",
			);
			runOnlyForDeploymentPostprocessing = 0;
			shellPath = /bin/sh;
			shellScript = "diff \"${PODS_PODFILE_DIR_PATH}/Podfile.lock\" \"${PODS_ROOT}/Manifest.lock\" > /dev/null\nif [ $? != 0 ] ; then\n    # print error to STDERR\n    echo \"error: The sandbox is not in sync with the Podfile.lock. Run 'pod install' or update your CocoaPods installation.\" >&2\n    exit 1\nfi\n# This output is used by Xcode 'outputs' to avoid re-running this script phase.\necho \"SUCCESS\" > \"${SCRIPT_OUTPUT_FILE_0}\"\n";
			showEnvVarsInLog = 0;
		};
/* End PBXShellScriptBuildPhase section */

/* Begin PBXSourcesBuildPhase section */
		DAB613222814767700234BB2 /* Sources */ = {
			isa = PBXSourcesBuildPhase;
			buildActionMask = 2147483647;
			files = (
				DAB6132E2814767700234BB2 /* ViewController.swift in Sources */,
				DAAF4E1D281AC7A60029F26C /* Constants.swift in Sources */,
				DAAF4E14281AC7A60029F26C /* VerificationRequestModels.swift in Sources */,
				DA73742B281ACC3700DBBDED /* DemoStartViewModel.swift in Sources */,
				DAE87E122816CC2C00ED6826 /* CountryListViewController.swift in Sources */,
				DAAF4E0A281AC7A60029F26C /* VerificationResponseModels.swift in Sources */,
				DAAF4E0C281AC7A60029F26C /* TimestampRequest.swift in Sources */,
				DAE87E152816CE6E00ED6826 /* DemoStartViewController.swift in Sources */,
				E9DAE090281D638400EA73BA /* RoundedView.swift in Sources */,
				DAAF4E20281AC7A60029F26C /* DocumentResponseModels.swift in Sources */,
				DAAF4E1C281AC7A60029F26C /* CountryModels.swift in Sources */,
				DA737432281AD4CB00DBBDED /* ApiError.swift in Sources */,
				DAB6132A2814767700234BB2 /* AppDelegate.swift in Sources */,
				DAAF4E15281AC7A60029F26C /* ApiClient.swift in Sources */,
				DAAF4E0E281AC7A60029F26C /* BaseClientResponseModel.swift in Sources */,
				DAB6132C2814767700234BB2 /* SceneDelegate.swift in Sources */,
				DA737436281AF59400DBBDED /* Utils.swift in Sources */,
				DAE87E102816CC1F00ED6826 /* ChooseCountryViewController.swift in Sources */,
				DAAF4E12281AC7A60029F26C /* BaseClientrResponseModel.swift in Sources */,
				DAAF4E0F281AC7A60029F26C /* BaseRequestBody.swift in Sources */,
				DAAF4E17281AC7A60029F26C /* LocalDatasource.swift in Sources */,
				DAB613342814767700234BB2 /* VcheckSDKDemoIOS.xcdatamodeld in Sources */,
				DA737434281ADCD600DBBDED /* KeychainHelper.swift in Sources */,
				DA73742E281ACC7E00DBBDED /* DataService.swift in Sources */,
			);
			runOnlyForDeploymentPostprocessing = 0;
		};
/* End PBXSourcesBuildPhase section */

/* Begin PBXVariantGroup section */
		DAB6132F2814767700234BB2 /* Main.storyboard */ = {
			isa = PBXVariantGroup;
			children = (
				DAB613302814767700234BB2 /* Base */,
			);
			name = Main.storyboard;
			sourceTree = "<group>";
		};
		DAB613372814767900234BB2 /* LaunchScreen.storyboard */ = {
			isa = PBXVariantGroup;
			children = (
				DAB613382814767900234BB2 /* Base */,
			);
			name = LaunchScreen.storyboard;
			sourceTree = "<group>";
		};
/* End PBXVariantGroup section */

/* Begin XCBuildConfiguration section */
		DAB6133B2814767900234BB2 /* Debug */ = {
			isa = XCBuildConfiguration;
			buildSettings = {
				ALWAYS_SEARCH_USER_PATHS = NO;
				CLANG_ANALYZER_NONNULL = YES;
				CLANG_ANALYZER_NUMBER_OBJECT_CONVERSION = YES_AGGRESSIVE;
				CLANG_CXX_LANGUAGE_STANDARD = "gnu++17";
				CLANG_CXX_LIBRARY = "libc++";
				CLANG_ENABLE_MODULES = YES;
				CLANG_ENABLE_OBJC_ARC = YES;
				CLANG_ENABLE_OBJC_WEAK = YES;
				CLANG_WARN_BLOCK_CAPTURE_AUTORELEASING = YES;
				CLANG_WARN_BOOL_CONVERSION = YES;
				CLANG_WARN_COMMA = YES;
				CLANG_WARN_CONSTANT_CONVERSION = YES;
				CLANG_WARN_DEPRECATED_OBJC_IMPLEMENTATIONS = YES;
				CLANG_WARN_DIRECT_OBJC_ISA_USAGE = YES_ERROR;
				CLANG_WARN_DOCUMENTATION_COMMENTS = YES;
				CLANG_WARN_EMPTY_BODY = YES;
				CLANG_WARN_ENUM_CONVERSION = YES;
				CLANG_WARN_INFINITE_RECURSION = YES;
				CLANG_WARN_INT_CONVERSION = YES;
				CLANG_WARN_NON_LITERAL_NULL_CONVERSION = YES;
				CLANG_WARN_OBJC_IMPLICIT_RETAIN_SELF = YES;
				CLANG_WARN_OBJC_LITERAL_CONVERSION = YES;
				CLANG_WARN_OBJC_ROOT_CLASS = YES_ERROR;
				CLANG_WARN_QUOTED_INCLUDE_IN_FRAMEWORK_HEADER = YES;
				CLANG_WARN_RANGE_LOOP_ANALYSIS = YES;
				CLANG_WARN_STRICT_PROTOTYPES = YES;
				CLANG_WARN_SUSPICIOUS_MOVE = YES;
				CLANG_WARN_UNGUARDED_AVAILABILITY = YES_AGGRESSIVE;
				CLANG_WARN_UNREACHABLE_CODE = YES;
				CLANG_WARN__DUPLICATE_METHOD_MATCH = YES;
				COPY_PHASE_STRIP = NO;
				DEBUG_INFORMATION_FORMAT = dwarf;
				ENABLE_STRICT_OBJC_MSGSEND = YES;
				ENABLE_TESTABILITY = YES;
				GCC_C_LANGUAGE_STANDARD = gnu11;
				GCC_DYNAMIC_NO_PIC = NO;
				GCC_NO_COMMON_BLOCKS = YES;
				GCC_OPTIMIZATION_LEVEL = 0;
				GCC_PREPROCESSOR_DEFINITIONS = (
					"DEBUG=1",
					"$(inherited)",
				);
				GCC_WARN_64_TO_32_BIT_CONVERSION = YES;
				GCC_WARN_ABOUT_RETURN_TYPE = YES_ERROR;
				GCC_WARN_UNDECLARED_SELECTOR = YES;
				GCC_WARN_UNINITIALIZED_AUTOS = YES_AGGRESSIVE;
				GCC_WARN_UNUSED_FUNCTION = YES;
				GCC_WARN_UNUSED_VARIABLE = YES;
				IPHONEOS_DEPLOYMENT_TARGET = 15.2;
				MTL_ENABLE_DEBUG_INFO = INCLUDE_SOURCE;
				MTL_FAST_MATH = YES;
				ONLY_ACTIVE_ARCH = YES;
				SDKROOT = iphoneos;
				SWIFT_ACTIVE_COMPILATION_CONDITIONS = DEBUG;
				SWIFT_OPTIMIZATION_LEVEL = "-Onone";
			};
			name = Debug;
		};
		DAB6133C2814767900234BB2 /* Release */ = {
			isa = XCBuildConfiguration;
			buildSettings = {
				ALWAYS_SEARCH_USER_PATHS = NO;
				CLANG_ANALYZER_NONNULL = YES;
				CLANG_ANALYZER_NUMBER_OBJECT_CONVERSION = YES_AGGRESSIVE;
				CLANG_CXX_LANGUAGE_STANDARD = "gnu++17";
				CLANG_CXX_LIBRARY = "libc++";
				CLANG_ENABLE_MODULES = YES;
				CLANG_ENABLE_OBJC_ARC = YES;
				CLANG_ENABLE_OBJC_WEAK = YES;
				CLANG_WARN_BLOCK_CAPTURE_AUTORELEASING = YES;
				CLANG_WARN_BOOL_CONVERSION = YES;
				CLANG_WARN_COMMA = YES;
				CLANG_WARN_CONSTANT_CONVERSION = YES;
				CLANG_WARN_DEPRECATED_OBJC_IMPLEMENTATIONS = YES;
				CLANG_WARN_DIRECT_OBJC_ISA_USAGE = YES_ERROR;
				CLANG_WARN_DOCUMENTATION_COMMENTS = YES;
				CLANG_WARN_EMPTY_BODY = YES;
				CLANG_WARN_ENUM_CONVERSION = YES;
				CLANG_WARN_INFINITE_RECURSION = YES;
				CLANG_WARN_INT_CONVERSION = YES;
				CLANG_WARN_NON_LITERAL_NULL_CONVERSION = YES;
				CLANG_WARN_OBJC_IMPLICIT_RETAIN_SELF = YES;
				CLANG_WARN_OBJC_LITERAL_CONVERSION = YES;
				CLANG_WARN_OBJC_ROOT_CLASS = YES_ERROR;
				CLANG_WARN_QUOTED_INCLUDE_IN_FRAMEWORK_HEADER = YES;
				CLANG_WARN_RANGE_LOOP_ANALYSIS = YES;
				CLANG_WARN_STRICT_PROTOTYPES = YES;
				CLANG_WARN_SUSPICIOUS_MOVE = YES;
				CLANG_WARN_UNGUARDED_AVAILABILITY = YES_AGGRESSIVE;
				CLANG_WARN_UNREACHABLE_CODE = YES;
				CLANG_WARN__DUPLICATE_METHOD_MATCH = YES;
				COPY_PHASE_STRIP = NO;
				DEBUG_INFORMATION_FORMAT = "dwarf-with-dsym";
				ENABLE_NS_ASSERTIONS = NO;
				ENABLE_STRICT_OBJC_MSGSEND = YES;
				GCC_C_LANGUAGE_STANDARD = gnu11;
				GCC_NO_COMMON_BLOCKS = YES;
				GCC_WARN_64_TO_32_BIT_CONVERSION = YES;
				GCC_WARN_ABOUT_RETURN_TYPE = YES_ERROR;
				GCC_WARN_UNDECLARED_SELECTOR = YES;
				GCC_WARN_UNINITIALIZED_AUTOS = YES_AGGRESSIVE;
				GCC_WARN_UNUSED_FUNCTION = YES;
				GCC_WARN_UNUSED_VARIABLE = YES;
				IPHONEOS_DEPLOYMENT_TARGET = 15.2;
				MTL_ENABLE_DEBUG_INFO = NO;
				MTL_FAST_MATH = YES;
				SDKROOT = iphoneos;
				SWIFT_COMPILATION_MODE = wholemodule;
				SWIFT_OPTIMIZATION_LEVEL = "-O";
				VALIDATE_PRODUCT = YES;
			};
			name = Release;
		};
		DAB6133E2814767900234BB2 /* Debug */ = {
			isa = XCBuildConfiguration;
			baseConfigurationReference = 8A7C2B485A1BB89266CD15CB /* Pods-VcheckSDKDemoIOS.debug.xcconfig */;
			buildSettings = {
				ASSETCATALOG_COMPILER_APPICON_NAME = AppIcon;
				ASSETCATALOG_COMPILER_GLOBAL_ACCENT_COLOR_NAME = AccentColor;
				CODE_SIGN_STYLE = Automatic;
				CURRENT_PROJECT_VERSION = 1;
				DEVELOPMENT_TEAM = 8X5XV4T3QP;
				GENERATE_INFOPLIST_FILE = YES;
				INFOPLIST_FILE = VcheckSDKDemoIOS/Info.plist;
				INFOPLIST_KEY_UIApplicationSupportsIndirectInputEvents = YES;
				INFOPLIST_KEY_UILaunchStoryboardName = LaunchScreen;
				INFOPLIST_KEY_UIMainStoryboardFile = Main;
				INFOPLIST_KEY_UISupportedInterfaceOrientations_iPad = "UIInterfaceOrientationPortrait UIInterfaceOrientationPortraitUpsideDown UIInterfaceOrientationLandscapeLeft UIInterfaceOrientationLandscapeRight";
				INFOPLIST_KEY_UISupportedInterfaceOrientations_iPhone = "UIInterfaceOrientationPortrait UIInterfaceOrientationLandscapeLeft UIInterfaceOrientationLandscapeRight";
				LD_RUNPATH_SEARCH_PATHS = (
					"$(inherited)",
					"@executable_path/Frameworks",
				);
				MARKETING_VERSION = 1.0;
				PRODUCT_BUNDLE_IDENTIFIER = com.vcheck.demo.dev.VcheckSDKDemoIOS;
				PRODUCT_NAME = "$(TARGET_NAME)";
				SWIFT_EMIT_LOC_STRINGS = YES;
				SWIFT_VERSION = 5.0;
				TARGETED_DEVICE_FAMILY = "1,2";
			};
			name = Debug;
		};
		DAB6133F2814767900234BB2 /* Release */ = {
			isa = XCBuildConfiguration;
			baseConfigurationReference = EF05AA06C2A1732CF659E363 /* Pods-VcheckSDKDemoIOS.release.xcconfig */;
			buildSettings = {
				ASSETCATALOG_COMPILER_APPICON_NAME = AppIcon;
				ASSETCATALOG_COMPILER_GLOBAL_ACCENT_COLOR_NAME = AccentColor;
				CODE_SIGN_STYLE = Automatic;
				CURRENT_PROJECT_VERSION = 1;
				DEVELOPMENT_TEAM = 8X5XV4T3QP;
				GENERATE_INFOPLIST_FILE = YES;
				INFOPLIST_FILE = VcheckSDKDemoIOS/Info.plist;
				INFOPLIST_KEY_UIApplicationSupportsIndirectInputEvents = YES;
				INFOPLIST_KEY_UILaunchStoryboardName = LaunchScreen;
				INFOPLIST_KEY_UIMainStoryboardFile = Main;
				INFOPLIST_KEY_UISupportedInterfaceOrientations_iPad = "UIInterfaceOrientationPortrait UIInterfaceOrientationPortraitUpsideDown UIInterfaceOrientationLandscapeLeft UIInterfaceOrientationLandscapeRight";
				INFOPLIST_KEY_UISupportedInterfaceOrientations_iPhone = "UIInterfaceOrientationPortrait UIInterfaceOrientationLandscapeLeft UIInterfaceOrientationLandscapeRight";
				LD_RUNPATH_SEARCH_PATHS = (
					"$(inherited)",
					"@executable_path/Frameworks",
				);
				MARKETING_VERSION = 1.0;
				PRODUCT_BUNDLE_IDENTIFIER = com.vcheck.demo.dev.VcheckSDKDemoIOS;
				PRODUCT_NAME = "$(TARGET_NAME)";
				SWIFT_EMIT_LOC_STRINGS = YES;
				SWIFT_VERSION = 5.0;
				TARGETED_DEVICE_FAMILY = "1,2";
			};
			name = Release;
		};
/* End XCBuildConfiguration section */

/* Begin XCConfigurationList section */
		DAB613212814767700234BB2 /* Build configuration list for PBXProject "VcheckSDKDemoIOS" */ = {
			isa = XCConfigurationList;
			buildConfigurations = (
				DAB6133B2814767900234BB2 /* Debug */,
				DAB6133C2814767900234BB2 /* Release */,
			);
			defaultConfigurationIsVisible = 0;
			defaultConfigurationName = Release;
		};
		DAB6133D2814767900234BB2 /* Build configuration list for PBXNativeTarget "VcheckSDKDemoIOS" */ = {
			isa = XCConfigurationList;
			buildConfigurations = (
				DAB6133E2814767900234BB2 /* Debug */,
				DAB6133F2814767900234BB2 /* Release */,
			);
			defaultConfigurationIsVisible = 0;
			defaultConfigurationName = Release;
		};
/* End XCConfigurationList section */

/* Begin XCVersionGroup section */
		DAB613322814767700234BB2 /* VcheckSDKDemoIOS.xcdatamodeld */ = {
			isa = XCVersionGroup;
			children = (
				DAB613332814767700234BB2 /* VcheckSDKDemoIOS.xcdatamodel */,
			);
			currentVersion = DAB613332814767700234BB2 /* VcheckSDKDemoIOS.xcdatamodel */;
			path = VcheckSDKDemoIOS.xcdatamodeld;
			sourceTree = "<group>";
			versionGroupType = wrapper.xcdatamodel;
		};
/* End XCVersionGroup section */
	};
	rootObject = DAB6131E2814767700234BB2 /* Project object */;
}
